{
    "version": 3,
    "terraform_version": "0.11.11",
    "serial": 8,
    "lineage": "87c1c683-c067-d17a-4c52-1cb32482355d",
    "modules": [
        {
            "path": [
                "root"
            ],
            "outputs": {
                "ec2_privateip_id": {
                    "sensitive": false,
                    "type": "string",
                    "value": "10.0.2.216"
                },
                "ec2_publicip_id": {
                    "sensitive": false,
                    "type": "string",
                    "value": "18.144.18.234"
                },
                "nat_elastic_id": {
                    "sensitive": false,
                    "type": "string",
                    "value": "eipalloc-0761001d32dc1375a"
                },
                "subnet_private_id": {
                    "sensitive": false,
                    "type": "string",
                    "value": "subnet-0c7913fb271dbb0c5"
                },
                "subnet_public_id": {
                    "sensitive": false,
                    "type": "string",
                    "value": "subnet-00a1fd12718b4afe6"
                },
                "vpc_id": {
                    "sensitive": false,
                    "type": "string",
                    "value": "vpc-02ded0712e5b89e3d"
                }
            },
            "resources": {},
            "depends_on": []
        },
        {
            "path": [
                "root",
                "ec2"
            ],
            "outputs": {
                "ec2_privateip_info": {
                    "sensitive": false,
                    "type": "string",
                    "value": "10.0.2.216"
                },
                "ec2_publicip_info": {
                    "sensitive": false,
                    "type": "string",
                    "value": "18.144.18.234"
                }
            },
            "resources": {
                "aws_instance.app": {
                    "type": "aws_instance",
                    "depends_on": [],
                    "primary": {
                        "id": "i-03af04ac24f207af7",
                        "attributes": {
                            "ami": "ami-06397100adf427136",
                            "arn": "arn:aws:ec2:us-west-1:765129325498:instance/i-03af04ac24f207af7",
                            "associate_public_ip_address": "false",
                            "availability_zone": "us-west-1b",
                            "cpu_core_count": "1",
                            "cpu_threads_per_core": "1",
                            "credit_specification.#": "1",
                            "credit_specification.0.cpu_credits": "standard",
                            "disable_api_termination": "false",
                            "ebs_block_device.#": "0",
                            "ebs_optimized": "false",
                            "ephemeral_block_device.#": "0",
                            "get_password_data": "false",
                            "iam_instance_profile": "",
                            "id": "i-03af04ac24f207af7",
                            "instance_state": "running",
                            "instance_type": "t2.micro",
                            "ipv6_addresses.#": "0",
                            "key_name": "terraform_keys",
                            "monitoring": "false",
                            "network_interface.#": "0",
                            "password_data": "",
                            "placement_group": "",
                            "primary_network_interface_id": "eni-066b7f54f10e20c89",
                            "private_dns": "ip-10-0-2-216.us-west-1.compute.internal",
                            "private_ip": "10.0.2.216",
                            "public_dns": "",
                            "public_ip": "",
                            "root_block_device.#": "1",
                            "root_block_device.0.delete_on_termination": "true",
                            "root_block_device.0.iops": "100",
                            "root_block_device.0.volume_id": "vol-0cd626bd735e9f3bb",
                            "root_block_device.0.volume_size": "8",
                            "root_block_device.0.volume_type": "gp2",
                            "security_groups.#": "0",
                            "source_dest_check": "false",
                            "subnet_id": "subnet-0c7913fb271dbb0c5",
                            "tags.%": "1",
                            "tags.Name": "PRIVATE_EC2",
                            "tenancy": "default",
                            "user_data": "cde8bd9ca30a2e0ccf53759c976e7250f5cecdcb",
                            "volume_tags.%": "0",
                            "vpc_security_group_ids.#": "1",
                            "vpc_security_group_ids.1121900902": "sg-0f235aec690ea8bbd"
                        },
                        "meta": {
                            "e2bfb730-ecaa-11e6-8f88-34363bc7c4c0": {
                                "create": 600000000000,
                                "delete": 1200000000000,
                                "update": 600000000000
                            },
                            "schema_version": "1"
                        },
                        "tainted": false
                    },
                    "deposed": [],
                    "provider": "provider.aws"
                },
                "aws_instance.web": {
                    "type": "aws_instance",
                    "depends_on": [],
                    "primary": {
                        "id": "i-03c59734df25352ef",
                        "attributes": {
                            "ami": "ami-06397100adf427136",
                            "arn": "arn:aws:ec2:us-west-1:765129325498:instance/i-03c59734df25352ef",
                            "associate_public_ip_address": "true",
                            "availability_zone": "us-west-1b",
                            "cpu_core_count": "1",
                            "cpu_threads_per_core": "1",
                            "credit_specification.#": "1",
                            "credit_specification.0.cpu_credits": "standard",
                            "disable_api_termination": "false",
                            "ebs_block_device.#": "0",
                            "ebs_optimized": "false",
                            "ephemeral_block_device.#": "0",
                            "get_password_data": "false",
                            "iam_instance_profile": "",
                            "id": "i-03c59734df25352ef",
                            "instance_state": "running",
                            "instance_type": "t2.micro",
                            "ipv6_addresses.#": "0",
                            "key_name": "terraform_keys",
                            "monitoring": "false",
                            "network_interface.#": "0",
                            "password_data": "",
                            "placement_group": "",
                            "primary_network_interface_id": "eni-0207d7c752e66d7fc",
                            "private_dns": "ip-10-0-1-33.us-west-1.compute.internal",
                            "private_ip": "10.0.1.33",
                            "public_dns": "ec2-18-144-18-234.us-west-1.compute.amazonaws.com",
                            "public_ip": "18.144.18.234",
                            "root_block_device.#": "1",
                            "root_block_device.0.delete_on_termination": "true",
                            "root_block_device.0.iops": "100",
                            "root_block_device.0.volume_id": "vol-0467f134362ccfcae",
                            "root_block_device.0.volume_size": "8",
                            "root_block_device.0.volume_type": "gp2",
                            "security_groups.#": "0",
                            "source_dest_check": "false",
                            "subnet_id": "subnet-00a1fd12718b4afe6",
                            "tags.%": "1",
                            "tags.Name": "PUBLIC_EC2",
                            "tenancy": "default",
                            "user_data": "3965061d74ce62e6987752f2969a8232f3679426",
                            "volume_tags.%": "0",
                            "vpc_security_group_ids.#": "1",
                            "vpc_security_group_ids.1535289773": "sg-0778fde529819fc8d"
                        },
                        "meta": {
                            "e2bfb730-ecaa-11e6-8f88-34363bc7c4c0": {
                                "create": 600000000000,
                                "delete": 1200000000000,
                                "update": 600000000000
                            },
                            "schema_version": "1"
                        },
                        "tainted": false
                    },
                    "deposed": [],
                    "provider": "provider.aws"
                }
            },
            "depends_on": []
        },
        {
            "path": [
                "root",
                "elasticip"
            ],
            "outputs": {
                "elasticip_nat_info": {
                    "sensitive": false,
                    "type": "string",
                    "value": "eipalloc-0761001d32dc1375a"
                }
            },
            "resources": {
                "aws_eip.nat": {
                    "type": "aws_eip",
                    "depends_on": [],
                    "primary": {
                        "id": "eipalloc-0761001d32dc1375a",
                        "attributes": {
                            "association_id": "eipassoc-240389d8",
                            "domain": "vpc",
                            "id": "eipalloc-0761001d32dc1375a",
                            "instance": "",
                            "network_interface": "eni-0ddaecfa548ca551c",
                            "private_dns": "ip-10-0-1-16.us-west-1.compute.internal",
                            "private_ip": "10.0.1.16",
                            "public_dns": "ec2-52-8-69-111.us-west-1.compute.amazonaws.com",
                            "public_ip": "52.8.69.111",
                            "public_ipv4_pool": "amazon",
                            "tags.%": "1",
                            "tags.Name": "EIP NAT",
                            "vpc": "true"
                        },
                        "meta": {
                            "e2bfb730-ecaa-11e6-8f88-34363bc7c4c0": {
                                "delete": 180000000000,
                                "read": 900000000000,
                                "update": 300000000000
                            }
                        },
                        "tainted": false
                    },
                    "deposed": [],
                    "provider": "provider.aws"
                }
            },
            "depends_on": []
        },
        {
            "path": [
                "root",
                "igw"
            ],
            "outputs": {
                "igw_info": {
                    "sensitive": false,
                    "type": "string",
                    "value": "igw-0a9b4b30fe636f84d"
                }
            },
            "resources": {
                "aws_internet_gateway.default": {
                    "type": "aws_internet_gateway",
                    "depends_on": [],
                    "primary": {
                        "id": "igw-0a9b4b30fe636f84d",
                        "attributes": {
                            "id": "igw-0a9b4b30fe636f84d",
                            "owner_id": "765129325498",
                            "tags.%": "1",
                            "tags.Name": "IGW",
                            "vpc_id": "vpc-02ded0712e5b89e3d"
                        },
                        "meta": {},
                        "tainted": false
                    },
                    "deposed": [],
                    "provider": "provider.aws"
                }
            },
            "depends_on": []
        },
        {
            "path": [
                "root",
                "keys"
            ],
            "outputs": {
                "keys_info": {
                    "sensitive": false,
                    "type": "string",
                    "value": "terraform_keys"
                }
            },
            "resources": {
                "aws_key_pair.terraform_keys": {
                    "type": "aws_key_pair",
                    "depends_on": [],
                    "primary": {
                        "id": "terraform_keys",
                        "attributes": {
                            "fingerprint": "98:d1:59:95:0f:7f:17:09:e0:b2:3e:1f:33:3a:38:5d",
                            "id": "terraform_keys",
                            "key_name": "terraform_keys",
                            "public_key": "ssh-rsa AAAAB3NzaC1yc2EAAAADAQABAAABAQCil5+uQnosMenDf8rWIBYAe+xm29HVt6hgcPJzQtFBp9SLG5pEERSDfVfvq6liGtm5Lj2GZC9qQkR6AAttN0Xv+eAPF2z9zftWi1zGKdDbND2yyJhZHG6ksNyKt7JLibPaj/XUnwyAVRIqT5JDtNe+5V9R5IGfuWnjHbQF22X1TWi7ctC5Egn6lcjnBrWy7ykAZukwhUO2WrL68b+qQkobEuA8APWlWcPhebuEJD8IuKjcissQ3c+h97zL4Z8436mtSphYN+36zAtzaptPliparZUz4QGji7cIm+qab2lMpkb1H7igIPHd6S7I0qL37E2asYvMgSMyG3R+vnIO/Llb imported-openssh-key"
                        },
                        "meta": {
                            "schema_version": "1"
                        },
                        "tainted": false
                    },
                    "deposed": [],
                    "provider": "provider.aws"
                }
            },
            "depends_on": []
        },
        {
            "path": [
                "root",
                "natgw"
            ],
            "outputs": {
                "natgw_info": {
                    "sensitive": false,
                    "type": "string",
                    "value": "nat-0583c5ab034842d0a"
                }
            },
            "resources": {
                "aws_nat_gateway.gw": {
                    "type": "aws_nat_gateway",
                    "depends_on": [],
                    "primary": {
                        "id": "nat-0583c5ab034842d0a",
                        "attributes": {
                            "allocation_id": "eipalloc-0761001d32dc1375a",
                            "id": "nat-0583c5ab034842d0a",
                            "network_interface_id": "eni-0ddaecfa548ca551c",
                            "private_ip": "10.0.1.16",
                            "public_ip": "52.8.69.111",
                            "subnet_id": "subnet-00a1fd12718b4afe6",
                            "tags.%": "1",
                            "tags.Name": "NAT"
                        },
                        "meta": {},
                        "tainted": false
                    },
                    "deposed": [],
                    "provider": "provider.aws"
                }
            },
            "depends_on": []
        },
        {
            "path": [
                "root",
                "route"
            ],
            "outputs": {},
            "resources": {
                "aws_route_table.private": {
                    "type": "aws_route_table",
                    "depends_on": [],
                    "primary": {
                        "id": "rtb-0a05637049d5bf2dd",
                        "attributes": {
                            "id": "rtb-0a05637049d5bf2dd",
                            "owner_id": "765129325498",
                            "propagating_vgws.#": "0",
                            "route.#": "1",
                            "route.1235286015.cidr_block": "0.0.0.0/0",
                            "route.1235286015.egress_only_gateway_id": "",
                            "route.1235286015.gateway_id": "",
                            "route.1235286015.instance_id": "",
                            "route.1235286015.ipv6_cidr_block": "",
                            "route.1235286015.nat_gateway_id": "nat-0583c5ab034842d0a",
                            "route.1235286015.network_interface_id": "",
                            "route.1235286015.transit_gateway_id": "",
                            "route.1235286015.vpc_peering_connection_id": "",
                            "tags.%": "1",
                            "tags.Name": "ROUTE_NATGW",
                            "vpc_id": "vpc-02ded0712e5b89e3d"
                        },
                        "meta": {},
                        "tainted": false
                    },
                    "deposed": [],
                    "provider": "provider.aws"
                },
                "aws_route_table.public": {
                    "type": "aws_route_table",
                    "depends_on": [],
                    "primary": {
                        "id": "rtb-04a7c9921c377958a",
                        "attributes": {
                            "id": "rtb-04a7c9921c377958a",
                            "owner_id": "765129325498",
                            "propagating_vgws.#": "0",
                            "route.#": "1",
                            "route.1608794811.cidr_block": "0.0.0.0/0",
                            "route.1608794811.egress_only_gateway_id": "",
                            "route.1608794811.gateway_id": "igw-0a9b4b30fe636f84d",
                            "route.1608794811.instance_id": "",
                            "route.1608794811.ipv6_cidr_block": "",
                            "route.1608794811.nat_gateway_id": "",
                            "route.1608794811.network_interface_id": "",
                            "route.1608794811.transit_gateway_id": "",
                            "route.1608794811.vpc_peering_connection_id": "",
                            "tags.%": "1",
                            "tags.Name": "ROUTE_IGW",
                            "vpc_id": "vpc-02ded0712e5b89e3d"
                        },
                        "meta": {},
                        "tainted": false
                    },
                    "deposed": [],
                    "provider": "provider.aws"
                },
                "aws_route_table_association.private": {
                    "type": "aws_route_table_association",
                    "depends_on": [
                        "aws_route_table.private"
                    ],
                    "primary": {
                        "id": "rtbassoc-0acee668d5e853eec",
                        "attributes": {
                            "id": "rtbassoc-0acee668d5e853eec",
                            "route_table_id": "rtb-0a05637049d5bf2dd",
                            "subnet_id": "subnet-0c7913fb271dbb0c5"
                        },
                        "meta": {},
                        "tainted": false
                    },
                    "deposed": [],
                    "provider": "provider.aws"
                },
                "aws_route_table_association.public": {
                    "type": "aws_route_table_association",
                    "depends_on": [
                        "aws_route_table.public"
                    ],
                    "primary": {
                        "id": "rtbassoc-0147ba118142db53c",
                        "attributes": {
                            "id": "rtbassoc-0147ba118142db53c",
                            "route_table_id": "rtb-04a7c9921c377958a",
                            "subnet_id": "subnet-00a1fd12718b4afe6"
                        },
                        "meta": {},
                        "tainted": false
                    },
                    "deposed": [],
                    "provider": "provider.aws"
                }
            },
            "depends_on": []
        },
        {
            "path": [
                "root",
                "sg"
            ],
            "outputs": {
                "sg_private_info": {
                    "sensitive": false,
                    "type": "string",
                    "value": "sg-0f235aec690ea8bbd"
                },
                "sg_public_info": {
                    "sensitive": false,
                    "type": "string",
                    "value": "sg-0778fde529819fc8d"
                }
            },
            "resources": {
                "aws_security_group.private_machine": {
                    "type": "aws_security_group",
                    "depends_on": [],
                    "primary": {
                        "id": "sg-0f235aec690ea8bbd",
                        "attributes": {
                            "arn": "arn:aws:ec2:us-west-1:765129325498:security-group/sg-0f235aec690ea8bbd",
                            "description": "Allow incoming connections.",
                            "egress.#": "2",
                            "egress.2214680975.cidr_blocks.#": "1",
                            "egress.2214680975.cidr_blocks.0": "0.0.0.0/0",
                            "egress.2214680975.description": "",
                            "egress.2214680975.from_port": "80",
                            "egress.2214680975.ipv6_cidr_blocks.#": "0",
                            "egress.2214680975.prefix_list_ids.#": "0",
                            "egress.2214680975.protocol": "tcp",
                            "egress.2214680975.security_groups.#": "0",
                            "egress.2214680975.self": "false",
                            "egress.2214680975.to_port": "80",
                            "egress.2617001939.cidr_blocks.#": "1",
                            "egress.2617001939.cidr_blocks.0": "0.0.0.0/0",
                            "egress.2617001939.description": "",
                            "egress.2617001939.from_port": "443",
                            "egress.2617001939.ipv6_cidr_blocks.#": "0",
                            "egress.2617001939.prefix_list_ids.#": "0",
                            "egress.2617001939.protocol": "tcp",
                            "egress.2617001939.security_groups.#": "0",
                            "egress.2617001939.self": "false",
                            "egress.2617001939.to_port": "443",
                            "id": "sg-0f235aec690ea8bbd",
                            "ingress.#": "2",
                            "ingress.1799340084.cidr_blocks.#": "1",
                            "ingress.1799340084.cidr_blocks.0": "0.0.0.0/0",
                            "ingress.1799340084.description": "",
                            "ingress.1799340084.from_port": "-1",
                            "ingress.1799340084.ipv6_cidr_blocks.#": "0",
                            "ingress.1799340084.prefix_list_ids.#": "0",
                            "ingress.1799340084.protocol": "icmp",
                            "ingress.1799340084.security_groups.#": "0",
                            "ingress.1799340084.self": "false",
                            "ingress.1799340084.to_port": "-1",
                            "ingress.2541437006.cidr_blocks.#": "1",
                            "ingress.2541437006.cidr_blocks.0": "0.0.0.0/0",
                            "ingress.2541437006.description": "",
                            "ingress.2541437006.from_port": "22",
                            "ingress.2541437006.ipv6_cidr_blocks.#": "0",
                            "ingress.2541437006.prefix_list_ids.#": "0",
                            "ingress.2541437006.protocol": "tcp",
                            "ingress.2541437006.security_groups.#": "0",
                            "ingress.2541437006.self": "false",
                            "ingress.2541437006.to_port": "22",
                            "name": "private_machine",
                            "owner_id": "765129325498",
                            "revoke_rules_on_delete": "false",
                            "tags.%": "1",
                            "tags.Name": "SG_PRIVATE",
                            "vpc_id": "vpc-02ded0712e5b89e3d"
                        },
                        "meta": {
                            "e2bfb730-ecaa-11e6-8f88-34363bc7c4c0": {
                                "create": 600000000000,
                                "delete": 600000000000
                            },
                            "schema_version": "1"
                        },
                        "tainted": false
                    },
                    "deposed": [],
                    "provider": "provider.aws"
                },
                "aws_security_group.public_machine": {
                    "type": "aws_security_group",
                    "depends_on": [],
                    "primary": {
                        "id": "sg-0778fde529819fc8d",
                        "attributes": {
                            "arn": "arn:aws:ec2:us-west-1:765129325498:security-group/sg-0778fde529819fc8d",
                            "description": "Allow incoming HTTP connections.",
                            "egress.#": "4",
                            "egress.1469454673.cidr_blocks.#": "1",
                            "egress.1469454673.cidr_blocks.0": "0.0.0.0/0",
                            "egress.1469454673.description": "",
                            "egress.1469454673.from_port": "8005",
                            "egress.1469454673.ipv6_cidr_blocks.#": "0",
                            "egress.1469454673.prefix_list_ids.#": "0",
                            "egress.1469454673.protocol": "tcp",
                            "egress.1469454673.security_groups.#": "0",
                            "egress.1469454673.self": "false",
                            "egress.1469454673.to_port": "8005",
                            "egress.2214680975.cidr_blocks.#": "1",
                            "egress.2214680975.cidr_blocks.0": "0.0.0.0/0",
                            "egress.2214680975.description": "",
                            "egress.2214680975.from_port": "80",
                            "egress.2214680975.ipv6_cidr_blocks.#": "0",
                            "egress.2214680975.prefix_list_ids.#": "0",
                            "egress.2214680975.protocol": "tcp",
                            "egress.2214680975.security_groups.#": "0",
                            "egress.2214680975.self": "false",
                            "egress.2214680975.to_port": "80",
                            "egress.2617001939.cidr_blocks.#": "1",
                            "egress.2617001939.cidr_blocks.0": "0.0.0.0/0",
                            "egress.2617001939.description": "",
                            "egress.2617001939.from_port": "443",
                            "egress.2617001939.ipv6_cidr_blocks.#": "0",
                            "egress.2617001939.prefix_list_ids.#": "0",
                            "egress.2617001939.protocol": "tcp",
                            "egress.2617001939.security_groups.#": "0",
                            "egress.2617001939.self": "false",
                            "egress.2617001939.to_port": "443",
                            "egress.516175195.cidr_blocks.#": "1",
                            "egress.516175195.cidr_blocks.0": "0.0.0.0/0",
                            "egress.516175195.description": "",
                            "egress.516175195.from_port": "8080",
                            "egress.516175195.ipv6_cidr_blocks.#": "0",
                            "egress.516175195.prefix_list_ids.#": "0",
                            "egress.516175195.protocol": "tcp",
                            "egress.516175195.security_groups.#": "0",
                            "egress.516175195.self": "false",
                            "egress.516175195.to_port": "8080",
                            "id": "sg-0778fde529819fc8d",
                            "ingress.#": "4",
                            "ingress.1469454673.cidr_blocks.#": "1",
                            "ingress.1469454673.cidr_blocks.0": "0.0.0.0/0",
                            "ingress.1469454673.description": "",
                            "ingress.1469454673.from_port": "8005",
                            "ingress.1469454673.ipv6_cidr_blocks.#": "0",
                            "ingress.1469454673.prefix_list_ids.#": "0",
                            "ingress.1469454673.protocol": "tcp",
                            "ingress.1469454673.security_groups.#": "0",
                            "ingress.1469454673.self": "false",
                            "ingress.1469454673.to_port": "8005",
                            "ingress.1799340084.cidr_blocks.#": "1",
                            "ingress.1799340084.cidr_blocks.0": "0.0.0.0/0",
                            "ingress.1799340084.description": "",
                            "ingress.1799340084.from_port": "-1",
                            "ingress.1799340084.ipv6_cidr_blocks.#": "0",
                            "ingress.1799340084.prefix_list_ids.#": "0",
                            "ingress.1799340084.protocol": "icmp",
                            "ingress.1799340084.security_groups.#": "0",
                            "ingress.1799340084.self": "false",
                            "ingress.1799340084.to_port": "-1",
                            "ingress.2541437006.cidr_blocks.#": "1",
                            "ingress.2541437006.cidr_blocks.0": "0.0.0.0/0",
                            "ingress.2541437006.description": "",
                            "ingress.2541437006.from_port": "22",
                            "ingress.2541437006.ipv6_cidr_blocks.#": "0",
                            "ingress.2541437006.prefix_list_ids.#": "0",
                            "ingress.2541437006.protocol": "tcp",
                            "ingress.2541437006.security_groups.#": "0",
                            "ingress.2541437006.self": "false",
                            "ingress.2541437006.to_port": "22",
                            "ingress.516175195.cidr_blocks.#": "1",
                            "ingress.516175195.cidr_blocks.0": "0.0.0.0/0",
                            "ingress.516175195.description": "",
                            "ingress.516175195.from_port": "8080",
                            "ingress.516175195.ipv6_cidr_blocks.#": "0",
                            "ingress.516175195.prefix_list_ids.#": "0",
                            "ingress.516175195.protocol": "tcp",
                            "ingress.516175195.security_groups.#": "0",
                            "ingress.516175195.self": "false",
                            "ingress.516175195.to_port": "8080",
                            "name": "public_machine",
                            "owner_id": "765129325498",
                            "revoke_rules_on_delete": "false",
                            "tags.%": "1",
                            "tags.Name": "SG_PUBLIC",
                            "vpc_id": "vpc-02ded0712e5b89e3d"
                        },
                        "meta": {
                            "e2bfb730-ecaa-11e6-8f88-34363bc7c4c0": {
                                "create": 600000000000,
                                "delete": 600000000000
                            },
                            "schema_version": "1"
                        },
                        "tainted": false
                    },
                    "deposed": [],
                    "provider": "provider.aws"
                }
            },
            "depends_on": []
        },
        {
            "path": [
                "root",
                "subnet_private"
            ],
            "outputs": {
                "subnet_private_info": {
                    "sensitive": false,
                    "type": "string",
                    "value": "subnet-0c7913fb271dbb0c5"
                }
            },
            "resources": {
                "aws_subnet.private": {
                    "type": "aws_subnet",
                    "depends_on": [],
                    "primary": {
                        "id": "subnet-0c7913fb271dbb0c5",
                        "attributes": {
                            "arn": "arn:aws:ec2:us-west-1:765129325498:subnet/subnet-0c7913fb271dbb0c5",
                            "assign_ipv6_address_on_creation": "false",
                            "availability_zone": "us-west-1b",
                            "availability_zone_id": "usw1-az1",
                            "cidr_block": "10.0.2.0/24",
                            "id": "subnet-0c7913fb271dbb0c5",
                            "ipv6_cidr_block": "",
                            "ipv6_cidr_block_association_id": "",
                            "map_public_ip_on_launch": "false",
                            "owner_id": "765129325498",
                            "tags.%": "1",
                            "tags.Name": "PRIVATE_SUBNET",
                            "vpc_id": "vpc-02ded0712e5b89e3d"
                        },
                        "meta": {
                            "e2bfb730-ecaa-11e6-8f88-34363bc7c4c0": {
                                "create": 600000000000,
                                "delete": 600000000000
                            },
                            "schema_version": "1"
                        },
                        "tainted": false
                    },
                    "deposed": [],
                    "provider": "provider.aws"
                }
            },
            "depends_on": []
        },
        {
            "path": [
                "root",
                "subnet_pubulic"
            ],
            "outputs": {
                "subnet_public_info": {
                    "sensitive": false,
                    "type": "string",
                    "value": "subnet-00a1fd12718b4afe6"
                }
            },
            "resources": {
                "aws_subnet.public": {
                    "type": "aws_subnet",
                    "depends_on": [],
                    "primary": {
                        "id": "subnet-00a1fd12718b4afe6",
                        "attributes": {
                            "arn": "arn:aws:ec2:us-west-1:765129325498:subnet/subnet-00a1fd12718b4afe6",
                            "assign_ipv6_address_on_creation": "false",
                            "availability_zone": "us-west-1b",
                            "availability_zone_id": "usw1-az1",
                            "cidr_block": "10.0.1.0/24",
                            "id": "subnet-00a1fd12718b4afe6",
                            "ipv6_cidr_block": "",
                            "ipv6_cidr_block_association_id": "",
                            "map_public_ip_on_launch": "false",
                            "owner_id": "765129325498",
                            "tags.%": "1",
                            "tags.Name": "PUBLIC_SUBNET",
                            "vpc_id": "vpc-02ded0712e5b89e3d"
                        },
                        "meta": {
                            "e2bfb730-ecaa-11e6-8f88-34363bc7c4c0": {
                                "create": 600000000000,
                                "delete": 600000000000
                            },
                            "schema_version": "1"
                        },
                        "tainted": false
                    },
                    "deposed": [],
                    "provider": "provider.aws"
                }
            },
            "depends_on": []
        },
        {
            "path": [
                "root",
                "vpc"
            ],
            "outputs": {
                "vpc_info": {
                    "sensitive": false,
                    "type": "string",
                    "value": "vpc-02ded0712e5b89e3d"
                }
            },
            "resources": {
                "aws_vpc.vpc": {
                    "type": "aws_vpc",
                    "depends_on": [],
                    "primary": {
                        "id": "vpc-02ded0712e5b89e3d",
                        "attributes": {
                            "arn": "arn:aws:ec2:us-west-1:765129325498:vpc/vpc-02ded0712e5b89e3d",
                            "assign_generated_ipv6_cidr_block": "false",
                            "cidr_block": "10.0.0.0/16",
                            "default_network_acl_id": "acl-0856844633b9a28a8",
                            "default_route_table_id": "rtb-011012ff9b4edba90",
                            "default_security_group_id": "sg-09078eca0b5df67ea",
                            "dhcp_options_id": "dopt-d199c5b6",
                            "enable_classiclink": "false",
                            "enable_classiclink_dns_support": "false",
                            "enable_dns_hostnames": "true",
                            "enable_dns_support": "true",
                            "id": "vpc-02ded0712e5b89e3d",
                            "instance_tenancy": "default",
                            "ipv6_association_id": "",
                            "ipv6_cidr_block": "",
                            "main_route_table_id": "rtb-011012ff9b4edba90",
                            "owner_id": "765129325498",
                            "tags.%": "1",
                            "tags.Name": "VPC"
                        },
                        "meta": {
                            "schema_version": "1"
                        },
                        "tainted": false
                    },
                    "deposed": [],
                    "provider": "provider.aws"
                }
            },
            "depends_on": []
        }
    ]
}
